
Microsoft Visual Studio Solution File, Format Version 12.00
# Visual Studio Version 17
VisualStudioVersion = 17.5.002.0
MinimumVisualStudioVersion = 10.0.40219.1
Project("{FAE04EC0-301F-11D3-BF4B-00C04F79EFBC}") = "Domain", "Domain\Domain.csproj", "{CE8E3977-1B0F-40BA-ADD4-4ACDE913465B}"
EndProject
Project("{FAE04EC0-301F-11D3-BF4B-00C04F79EFBC}") = "Application", "Application\Application.csproj", "{0F17A335-2441-432B-9D51-942CA1B24CC5}"
EndProject
Project("{FAE04EC0-301F-11D3-BF4B-00C04F79EFBC}") = "Infrastructure", "Infrastructure\Infrastructure.csproj", "{55069FB6-EC20-411E-BA8A-12049E250BC3}"
EndProject
Project("{FAE04EC0-301F-11D3-BF4B-00C04F79EFBC}") = "API", "API\API.csproj", "{95C76903-D225-4D23-B962-79AB909B061D}"
EndProject
Project("{FAE04EC0-301F-11D3-BF4B-00C04F79EFBC}") = "Contracts", "Contracts\Contracts.csproj", "{F1D9213D-5C85-4FBC-851B-6340A0B5EE0E}"
EndProject
Global
	GlobalSection(SolutionConfigurationPlatforms) = preSolution
		Debug|Any CPU = Debug|Any CPU
		Release|Any CPU = Release|Any CPU
	EndGlobalSection
	GlobalSection(ProjectConfigurationPlatforms) = postSolution
		{CE8E3977-1B0F-40BA-ADD4-4ACDE913465B}.Debug|Any CPU.ActiveCfg = Debug|Any CPU
		{CE8E3977-1B0F-40BA-ADD4-4ACDE913465B}.Debug|Any CPU.Build.0 = Debug|Any CPU
		{CE8E3977-1B0F-40BA-ADD4-4ACDE913465B}.Release|Any CPU.ActiveCfg = Release|Any CPU
		{CE8E3977-1B0F-40BA-ADD4-4ACDE913465B}.Release|Any CPU.Build.0 = Release|Any CPU
		{0F17A335-2441-432B-9D51-942CA1B24CC5}.Debug|Any CPU.ActiveCfg = Debug|Any CPU
		{0F17A335-2441-432B-9D51-942CA1B24CC5}.Debug|Any CPU.Build.0 = Debug|Any CPU
		{0F17A335-2441-432B-9D51-942CA1B24CC5}.Release|Any CPU.ActiveCfg = Release|Any CPU
		{0F17A335-2441-432B-9D51-942CA1B24CC5}.Release|Any CPU.Build.0 = Release|Any CPU
		{55069FB6-EC20-411E-BA8A-12049E250BC3}.Debug|Any CPU.ActiveCfg = Debug|Any CPU
		{55069FB6-EC20-411E-BA8A-12049E250BC3}.Debug|Any CPU.Build.0 = Debug|Any CPU
		{55069FB6-EC20-411E-BA8A-12049E250BC3}.Release|Any CPU.ActiveCfg = Release|Any CPU
		{55069FB6-EC20-411E-BA8A-12049E250BC3}.Release|Any CPU.Build.0 = Release|Any CPU
		{95C76903-D225-4D23-B962-79AB909B061D}.Debug|Any CPU.ActiveCfg = Debug|Any CPU
		{95C76903-D225-4D23-B962-79AB909B061D}.Debug|Any CPU.Build.0 = Debug|Any CPU
		{95C76903-D225-4D23-B962-79AB909B061D}.Release|Any CPU.ActiveCfg = Release|Any CPU
		{95C76903-D225-4D23-B962-79AB909B061D}.Release|Any CPU.Build.0 = Release|Any CPU
		{F1D9213D-5C85-4FBC-851B-6340A0B5EE0E}.Debug|Any CPU.ActiveCfg = Debug|Any CPU
		{F1D9213D-5C85-4FBC-851B-6340A0B5EE0E}.Debug|Any CPU.Build.0 = Debug|Any CPU
		{F1D9213D-5C85-4FBC-851B-6340A0B5EE0E}.Release|Any CPU.ActiveCfg = Release|Any CPU
		{F1D9213D-5C85-4FBC-851B-6340A0B5EE0E}.Release|Any CPU.Build.0 = Release|Any CPU
	EndGlobalSection
	GlobalSection(SolutionProperties) = preSolution
		HideSolutionNode = FALSE
	EndGlobalSection
	GlobalSection(ExtensibilityGlobals) = postSolution
		SolutionGuid = {9A6DA41E-6305-42F1-B4CA-7E89210112FA}
	EndGlobalSection
EndGlobal
